// !$*UTF8*$!
{
	archiveVersion = 1;
	classes = {
	};
	objectVersion = 50;
	objects = {

/* Begin PBXBuildFile section */
		F037D1B921AD7AFF00578872 /* ACMoreResponseButton.m in Sources */ = {isa = PBXBuildFile; fileRef = F037D1B821AD7AFF00578872 /* ACMoreResponseButton.m */; };
		F078264A21AD51B10009F9C2 /* AppDelegate.m in Sources */ = {isa = PBXBuildFile; fileRef = F078264921AD51B10009F9C2 /* AppDelegate.m */; };
		F078264D21AD51B10009F9C2 /* ViewController.m in Sources */ = {isa = PBXBuildFile; fileRef = F078264C21AD51B10009F9C2 /* ViewController.m */; };
		F078265021AD51B10009F9C2 /* Main.storyboard in Resources */ = {isa = PBXBuildFile; fileRef = F078264E21AD51B10009F9C2 /* Main.storyboard */; };
		F078265221AD51B20009F9C2 /* Assets.xcassets in Resources */ = {isa = PBXBuildFile; fileRef = F078265121AD51B10009F9C2 /* Assets.xcassets */; };
		F078265521AD51B20009F9C2 /* LaunchScreen.storyboard in Resources */ = {isa = PBXBuildFile; fileRef = F078265321AD51B20009F9C2 /* LaunchScreen.storyboard */; };
		F078265821AD51B20009F9C2 /* main.m in Sources */ = {isa = PBXBuildFile; fileRef = F078265721AD51B20009F9C2 /* main.m */; };
		F078266221AD51B20009F9C2 /* MoreResponseButtonExampleTests.m in Sources */ = {isa = PBXBuildFile; fileRef = F078266121AD51B20009F9C2 /* MoreResponseButtonExampleTests.m */; };
		F078266D21AD51B20009F9C2 /* MoreResponseButtonExampleUITests.m in Sources */ = {isa = PBXBuildFile; fileRef = F078266C21AD51B20009F9C2 /* MoreResponseButtonExampleUITests.m */; };
/* End PBXBuildFile section */

/* Begin PBXContainerItemProxy section */
		F078265E21AD51B20009F9C2 /* PBXContainerItemProxy */ = {
			isa = PBXContainerItemProxy;
			containerPortal = F078263D21AD51B10009F9C2 /* Project object */;
			proxyType = 1;
			remoteGlobalIDString = F078264421AD51B10009F9C2;
			remoteInfo = MoreResponseButtonExample;
		};
		F078266921AD51B20009F9C2 /* PBXContainerItemProxy */ = {
			isa = PBXContainerItemProxy;
			containerPortal = F078263D21AD51B10009F9C2 /* Project object */;
			proxyType = 1;
			remoteGlobalIDString = F078264421AD51B10009F9C2;
			remoteInfo = MoreResponseButtonExample;
		};
/* End PBXContainerItemProxy section */

/* Begin PBXFileReference section */
		F037D1B721AD7AFF00578872 /* ACMoreResponseButton.h */ = {isa = PBXFileReference; lastKnownFileType = sourcecode.c.h; name = ACMoreResponseButton.h; path = MoreResponseButtonExample/ACMoreResponseButton/ACMoreResponseButton.h; sourceTree = SOURCE_ROOT; };
		F037D1B821AD7AFF00578872 /* ACMoreResponseButton.m */ = {isa = PBXFileReference; lastKnownFileType = sourcecode.c.objc; name = ACMoreResponseButton.m; path = MoreResponseButtonExample/ACMoreResponseButton/ACMoreResponseButton.m; sourceTree = SOURCE_ROOT; };
		F078264521AD51B10009F9C2 /* MoreResponseButtonExample.app */ = {isa = PBXFileReference; explicitFileType = wrapper.application; includeInIndex = 0; path = MoreResponseButtonExample.app; sourceTree = BUILT_PRODUCTS_DIR; };
		F078264821AD51B10009F9C2 /* AppDelegate.h */ = {isa = PBXFileReference; lastKnownFileType = sourcecode.c.h; path = AppDelegate.h; sourceTree = "<group>"; };
		F078264921AD51B10009F9C2 /* AppDelegate.m */ = {isa = PBXFileReference; lastKnownFileType = sourcecode.c.objc; path = AppDelegate.m; sourceTree = "<group>"; };
		F078264B21AD51B10009F9C2 /* ViewController.h */ = {isa = PBXFileReference; lastKnownFileType = sourcecode.c.h; path = ViewController.h; sourceTree = "<group>"; };
		F078264C21AD51B10009F9C2 /* ViewController.m */ = {isa = PBXFileReference; lastKnownFileType = sourcecode.c.objc; path = ViewController.m; sourceTree = "<group>"; };
		F078264F21AD51B10009F9C2 /* Base */ = {isa = PBXFileReference; lastKnownFileType = file.storyboard; name = Base; path = Base.lproj/Main.storyboard; sourceTree = "<group>"; };
		F078265121AD51B10009F9C2 /* Assets.xcassets */ = {isa = PBXFileReference; lastKnownFileType = folder.assetcatalog; path = Assets.xcassets; sourceTree = "<group>"; };
		F078265421AD51B20009F9C2 /* Base */ = {isa = PBXFileReference; lastKnownFileType = file.storyboard; name = Base; path = Base.lproj/LaunchScreen.storyboard; sourceTree = "<group>"; };
		F078265621AD51B20009F9C2 /* Info.plist */ = {isa = PBXFileReference; lastKnownFileType = text.plist.xml; path = Info.plist; sourceTree = "<group>"; };
		F078265721AD51B20009F9C2 /* main.m */ = {isa = PBXFileReference; lastKnownFileType = sourcecode.c.objc; path = main.m; sourceTree = "<group>"; };
		F078265D21AD51B20009F9C2 /* MoreResponseButtonExampleTests.xctest */ = {isa = PBXFileReference; explicitFileType = wrapper.cfbundle; includeInIndex = 0; path = MoreResponseButtonExampleTests.xctest; sourceTree = BUILT_PRODUCTS_DIR; };
		F078266121AD51B20009F9C2 /* MoreResponseButtonExampleTests.m */ = {isa = PBXFileReference; lastKnownFileType = sourcecode.c.objc; path = MoreResponseButtonExampleTests.m; sourceTree = "<group>"; };
		F078266321AD51B20009F9C2 /* Info.plist */ = {isa = PBXFileReference; lastKnownFileType = text.plist.xml; path = Info.plist; sourceTree = "<group>"; };
		F078266821AD51B20009F9C2 /* MoreResponseButtonExampleUITests.xctest */ = {isa = PBXFileReference; explicitFileType = wrapper.cfbundle; includeInIndex = 0; path = MoreResponseButtonExampleUITests.xctest; sourceTree = BUILT_PRODUCTS_DIR; };
		F078266C21AD51B20009F9C2 /* MoreResponseButtonExampleUITests.m */ = {isa = PBXFileReference; lastKnownFileType = sourcecode.c.objc; path = MoreResponseButtonExampleUITests.m; sourceTree = "<group>"; };
		F078266E21AD51B20009F9C2 /* Info.plist */ = {isa = PBXFileReference; lastKnownFileType = text.plist.xml; path = Info.plist; sourceTree = "<group>"; };
/* End PBXFileReference section */

/* Begin PBXFrameworksBuildPhase section */
		F078264221AD51B10009F9C2 /* Frameworks */ = {
			isa = PBXFrameworksBuildPhase;
			buildActionMask = 2147483647;
			files = (
			);
			runOnlyForDeploymentPostprocessing = 0;
		};
		F078265A21AD51B20009F9C2 /* Frameworks */ = {
			isa = PBXFrameworksBuildPhase;
			buildActionMask = 2147483647;
			files = (
			);
			runOnlyForDeploymentPostprocessing = 0;
		};
		F078266521AD51B20009F9C2 /* Frameworks */ = {
			isa = PBXFrameworksBuildPhase;
			buildActionMask = 2147483647;
			files = (
			);
			runOnlyForDeploymentPostprocessing = 0;
		};
/* End PBXFrameworksBuildPhase section */

/* Begin PBXGroup section */
		F037D1B621AD7AB500578872 /* ACMoreResponseButton */ = {
			isa = PBXGroup;
			children = (
				F037D1B721AD7AFF00578872 /* ACMoreResponseButton.h */,
				F037D1B821AD7AFF00578872 /* ACMoreResponseButton.m */,
			);
			name = ACMoreResponseButton;
			path = "New Group";
			sourceTree = "<group>";
		};
		F078263C21AD51B10009F9C2 = {
			isa = PBXGroup;
			children = (
				F078264721AD51B10009F9C2 /* MoreResponseButtonExample */,
				F078266021AD51B20009F9C2 /* MoreResponseButtonExampleTests */,
				F078266B21AD51B20009F9C2 /* MoreResponseButtonExampleUITests */,
				F078264621AD51B10009F9C2 /* Products */,
			);
			sourceTree = "<group>";
		};
		F078264621AD51B10009F9C2 /* Products */ = {
			isa = PBXGroup;
			children = (
				F078264521AD51B10009F9C2 /* MoreResponseButtonExample.app */,
				F078265D21AD51B20009F9C2 /* MoreResponseButtonExampleTests.xctest */,
				F078266821AD51B20009F9C2 /* MoreResponseButtonExampleUITests.xctest */,
			);
			name = Products;
			sourceTree = "<group>";
		};
		F078264721AD51B10009F9C2 /* MoreResponseButtonExample */ = {
			isa = PBXGroup;
			children = (
				F037D1B621AD7AB500578872 /* ACMoreResponseButton */,
				F078264821AD51B10009F9C2 /* AppDelegate.h */,
				F078264921AD51B10009F9C2 /* AppDelegate.m */,
				F078264B21AD51B10009F9C2 /* ViewController.h */,
				F078264C21AD51B10009F9C2 /* ViewController.m */,
				F078264E21AD51B10009F9C2 /* Main.storyboard */,
				F078265121AD51B10009F9C2 /* Assets.xcassets */,
				F078265321AD51B20009F9C2 /* LaunchScreen.storyboard */,
				F078265621AD51B20009F9C2 /* Info.plist */,
				F078265721AD51B20009F9C2 /* main.m */,
			);
			path = MoreResponseButtonExample;
			sourceTree = "<group>";
		};
		F078266021AD51B20009F9C2 /* MoreResponseButtonExampleTests */ = {
			isa = PBXGroup;
			children = (
				F078266121AD51B20009F9C2 /* MoreResponseButtonExampleTests.m */,
				F078266321AD51B20009F9C2 /* Info.plist */,
			);
			path = MoreResponseButtonExampleTests;
			sourceTree = "<group>";
		};
		F078266B21AD51B20009F9C2 /* MoreResponseButtonExampleUITests */ = {
			isa = PBXGroup;
			children = (
				F078266C21AD51B20009F9C2 /* MoreResponseButtonExampleUITests.m */,
				F078266E21AD51B20009F9C2 /* Info.plist */,
			);
			path = MoreResponseButtonExampleUITests;
			sourceTree = "<group>";
		};
/* End PBXGroup section */

/* Begin PBXNativeTarget section */
		F078264421AD51B10009F9C2 /* MoreResponseButtonExample */ = {
			isa = PBXNativeTarget;
			buildConfigurationList = F078267121AD51B20009F9C2 /* Build configuration list for PBXNativeTarget "MoreResponseButtonExample" */;
			buildPhases = (
				F078264121AD51B10009F9C2 /* Sources */,
				F078264221AD51B10009F9C2 /* Frameworks */,
				F078264321AD51B10009F9C2 /* Resources */,
			);
			buildRules = (
			);
			dependencies = (
			);
			name = MoreResponseButtonExample;
			productName = MoreResponseButtonExample;
			productReference = F078264521AD51B10009F9C2 /* MoreResponseButtonExample.app */;
			productType = "com.apple.product-type.application";
		};
		F078265C21AD51B20009F9C2 /* MoreResponseButtonExampleTests */ = {
			isa = PBXNativeTarget;
			buildConfigurationList = F078267421AD51B20009F9C2 /* Build configuration list for PBXNativeTarget "MoreResponseButtonExampleTests" */;
			buildPhases = (
				F078265921AD51B20009F9C2 /* Sources */,
				F078265A21AD51B20009F9C2 /* Frameworks */,
				F078265B21AD51B20009F9C2 /* Resources */,
			);
			buildRules = (
			);
			dependencies = (
				F078265F21AD51B20009F9C2 /* PBXTargetDependency */,
			);
			name = MoreResponseButtonExampleTests;
			productName = MoreResponseButtonExampleTests;
			productReference = F078265D21AD51B20009F9C2 /* MoreResponseButtonExampleTests.xctest */;
			productType = "com.apple.product-type.bundle.unit-test";
		};
		F078266721AD51B20009F9C2 /* MoreResponseButtonExampleUITests */ = {
			isa = PBXNativeTarget;
			buildConfigurationList = F078267721AD51B20009F9C2 /* Build configuration list for PBXNativeTarget "MoreResponseButtonExampleUITests" */;
			buildPhases = (
				F078266421AD51B20009F9C2 /* Sources */,
				F078266521AD51B20009F9C2 /* Frameworks */,
				F078266621AD51B20009F9C2 /* Resources */,
			);
			buildRules = (
			);
			dependencies = (
				F078266A21AD51B20009F9C2 /* PBXTargetDependency */,
			);
			name = MoreResponseButtonExampleUITests;
			productName = MoreResponseButtonExampleUITests;
			productReference = F078266821AD51B20009F9C2 /* MoreResponseButtonExampleUITests.xctest */;
			productType = "com.apple.product-type.bundle.ui-testing";
		};
/* End PBXNativeTarget section */

/* Begin PBXProject section */
		F078263D21AD51B10009F9C2 /* Project object */ = {
			isa = PBXProject;
			attributes = {
				LastUpgradeCheck = 1000;
				ORGANIZATIONNAME = lonlife;
				TargetAttributes = {
					F078264421AD51B10009F9C2 = {
						CreatedOnToolsVersion = 10.0;
					};
					F078265C21AD51B20009F9C2 = {
						CreatedOnToolsVersion = 10.0;
						TestTargetID = F078264421AD51B10009F9C2;
					};
					F078266721AD51B20009F9C2 = {
						CreatedOnToolsVersion = 10.0;
						TestTargetID = F078264421AD51B10009F9C2;
					};
				};
			};
			buildConfigurationList = F078264021AD51B10009F9C2 /* Build configuration list for PBXProject "MoreResponseButtonExample" */;
			compatibilityVersion = "Xcode 9.3";
			developmentRegion = en;
			hasScannedForEncodings = 0;
			knownRegions = (
				en,
				Base,
			);
			mainGroup = F078263C21AD51B10009F9C2;
			productRefGroup = F078264621AD51B10009F9C2 /* Products */;
			projectDirPath = "";
			projectRoot = "";
			targets = (
				F078264421AD51B10009F9C2 /* MoreResponseButtonExample */,
				F078265C21AD51B20009F9C2 /* MoreResponseButtonExampleTests */,
				F078266721AD51B20009F9C2 /* MoreResponseButtonExampleUITests */,
			);
		};
/* End PBXProject section */

/* Begin PBXResourcesBuildPhase section */
		F078264321AD51B10009F9C2 /* Resources */ = {
			isa = PBXResourcesBuildPhase;
			buildActionMask = 2147483647;
			files = (
				F078265521AD51B20009F9C2 /* LaunchScreen.storyboard in Resources */,
				F078265221AD51B20009F9C2 /* Assets.xcassets in Resources */,
				F078265021AD51B10009F9C2 /* Main.storyboard in Resources */,
			);
			runOnlyForDeploymentPostprocessing = 0;
		};
		F078265B21AD51B20009F9C2 /* Resources */ = {
			isa = PBXResourcesBuildPhase;
			buildActionMask = 2147483647;
			files = (
			);
			runOnlyForDeploymentPostprocessing = 0;
		};
		F078266621AD51B20009F9C2 /* Resources */ = {
			isa = PBXResourcesBuildPhase;
			buildActionMask = 2147483647;
			files = (
			);
			runOnlyForDeploymentPostprocessing = 0;
		};
/* End PBXResourcesBuildPhase section */

/* Begin PBXSourcesBuildPhase section */
		F078264121AD51B10009F9C2 /* Sources */ = {
			isa = PBXSourcesBuildPhase;
			buildActionMask = 2147483647;
			files = (
				F078264D21AD51B10009F9C2 /* ViewController.m in Sources */,
				F078265821AD51B20009F9C2 /* main.m in Sources */,
				F078264A21AD51B10009F9C2 /* AppDelegate.m in Sources */,
				F037D1B921AD7AFF00578872 /* ACMoreResponseButton.m in Sources */,
			);
			runOnlyForDeploymentPostprocessing = 0;
		};
		F078265921AD51B20009F9C2 /* Sources */ = {
			isa = PBXSourcesBuildPhase;
			buildActionMask = 2147483647;
			files = (
				F078266221AD51B20009F9C2 /* MoreResponseButtonExampleTests.m in Sources */,
			);
			runOnlyForDeploymentPostprocessing = 0;
		};
		F078266421AD51B20009F9C2 /* Sources */ = {
			isa = PBXSourcesBuildPhase;
			buildActionMask = 2147483647;
			files = (
				F078266D21AD51B20009F9C2 /* MoreResponseButtonExampleUITests.m in Sources */,
			);
			runOnlyForDeploymentPostprocessing = 0;
		};
/* End PBXSourcesBuildPhase section */

/* Begin PBXTargetDependency section */
		F078265F21AD51B20009F9C2 /* PBXTargetDependency */ = {
			isa = PBXTargetDependency;
			target = F078264421AD51B10009F9C2 /* MoreResponseButtonExample */;
			targetProxy = F078265E21AD51B20009F9C2 /* PBXContainerItemProxy */;
		};
		F078266A21AD51B20009F9C2 /* PBXTargetDependency */ = {
			isa = PBXTargetDependency;
			target = F078264421AD51B10009F9C2 /* MoreResponseButtonExample */;
			targetProxy = F078266921AD51B20009F9C2 /* PBXContainerItemProxy */;
		};
/* End PBXTargetDependency section */

/* Begin PBXVariantGroup section */
		F078264E21AD51B10009F9C2 /* Main.storyboard */ = {
			isa = PBXVariantGroup;
			children = (
				F078264F21AD51B10009F9C2 /* Base */,
			);
			name = Main.storyboard;
			sourceTree = "<group>";
		};
		F078265321AD51B20009F9C2 /* LaunchScreen.storyboard */ = {
			isa = PBXVariantGroup;
			children = (
				F078265421AD51B20009F9C2 /* Base */,
			);
			name = LaunchScreen.storyboard;
			sourceTree = "<group>";
		};
/* End PBXVariantGroup section */

/* Begin XCBuildConfiguration section */
		F078266F21AD51B20009F9C2 /* Debug */ = {
			isa = XCBuildConfiguration;
			buildSettings = {
				ALWAYS_SEARCH_USER_PATHS = NO;
				CLANG_ANALYZER_NONNULL = YES;
				CLANG_ANALYZER_NUMBER_OBJECT_CONVERSION = YES_AGGRESSIVE;
				CLANG_CXX_LANGUAGE_STANDARD = "gnu++14";
				CLANG_CXX_LIBRARY = "libc++";
				CLANG_ENABLE_MODULES = YES;
				CLANG_ENABLE_OBJC_ARC = YES;
				CLANG_ENABLE_OBJC_WEAK = YES;
				CLANG_WARN_BLOCK_CAPTURE_AUTORELEASING = YES;
				CLANG_WARN_BOOL_CONVERSION = YES;
				CLANG_WARN_COMMA = YES;
				CLANG_WARN_CONSTANT_CONVERSION = YES;
				CLANG_WARN_DEPRECATED_OBJC_IMPLEMENTATIONS = YES;
				CLANG_WARN_DIRECT_OBJC_ISA_USAGE = YES_ERROR;
				CLANG_WARN_DOCUMENTATION_COMMENTS = YES;
				CLANG_WARN_EMPTY_BODY = YES;
				CLANG_WARN_ENUM_CONVERSION = YES;
				CLANG_WARN_INFINITE_RECURSION = YES;
				CLANG_WARN_INT_CONVERSION = YES;
				CLANG_WARN_NON_LITERAL_NULL_CONVERSION = YES;
				CLANG_WARN_OBJC_IMPLICIT_RETAIN_SELF = YES;
				CLANG_WARN_OBJC_LITERAL_CONVERSION = YES;
				CLANG_WARN_OBJC_ROOT_CLASS = YES_ERROR;
				CLANG_WARN_RANGE_LOOP_ANALYSIS = YES;
				CLANG_WARN_STRICT_PROTOTYPES = YES;
				CLANG_WARN_SUSPICIOUS_MOVE = YES;
				CLANG_WARN_UNGUARDED_AVAILABILITY = YES_AGGRESSIVE;
				CLANG_WARN_UNREACHABLE_CODE = YES;
				CLANG_WARN__DUPLICATE_METHOD_MATCH = YES;
				CODE_SIGN_IDENTITY = "iPhone Developer";
				COPY_PHASE_STRIP = NO;
				DEBUG_INFORMATION_FORMAT = dwarf;
				ENABLE_STRICT_OBJC_MSGSEND = YES;
				ENABLE_TESTABILITY = YES;
				GCC_C_LANGUAGE_STANDARD = gnu11;
				GCC_DYNAMIC_NO_PIC = NO;
				GCC_NO_COMMON_BLOCKS = YES;
				GCC_OPTIMIZATION_LEVEL = 0;
				GCC_PREPROCESSOR_DEFINITIONS = (
					"DEBUG=1",
					"$(inherited)",
				);
				GCC_WARN_64_TO_32_BIT_CONVERSION = YES;
				GCC_WARN_ABOUT_RETURN_TYPE = YES_ERROR;
				GCC_WARN_UNDECLARED_SELECTOR = YES;
				GCC_WARN_UNINITIALIZED_AUTOS = YES_AGGRESSIVE;
				GCC_WARN_UNUSED_FUNCTION = YES;
				GCC_WARN_UNUSED_VARIABLE = YES;
				IPHONEOS_DEPLOYMENT_TARGET = 12.0;
				MTL_ENABLE_DEBUG_INFO = INCLUDE_SOURCE;
				MTL_FAST_MATH = YES;
				ONLY_ACTIVE_ARCH = YES;
				SDKROOT = iphoneos;
			};
			name = Debug;
		};
		F078267021AD51B20009F9C2 /* Release */ = {
			isa = XCBuildConfiguration;
			buildSettings = {
				ALWAYS_SEARCH_USER_PATHS = NO;
				CLANG_ANALYZER_NONNULL = YES;
				CLANG_ANALYZER_NUMBER_OBJECT_CONVERSION = YES_AGGRESSIVE;
				CLANG_CXX_LANGUAGE_STANDARD = "gnu++14";
				CLANG_CXX_LIBRARY = "libc++";
				CLANG_ENABLE_MODULES = YES;
				CLANG_ENABLE_OBJC_ARC = YES;
				CLANG_ENABLE_OBJC_WEAK = YES;
				CLANG_WARN_BLOCK_CAPTURE_AUTORELEASING = YES;
				CLANG_WARN_BOOL_CONVERSION = YES;
				CLANG_WARN_COMMA = YES;
				CLANG_WARN_CONSTANT_CONVERSION = YES;
				CLANG_WARN_DEPRECATED_OBJC_IMPLEMENTATIONS = YES;
				CLANG_WARN_DIRECT_OBJC_ISA_USAGE = YES_ERROR;
				CLANG_WARN_DOCUMENTATION_COMMENTS = YES;
				CLANG_WARN_EMPTY_BODY = YES;
				CLANG_WARN_ENUM_CONVERSION = YES;
				CLANG_WARN_INFINITE_RECURSION = YES;
				CLANG_WARN_INT_CONVERSION = YES;
				CLANG_WARN_NON_LITERAL_NULL_CONVERSION = YES;
				CLANG_WARN_OBJC_IMPLICIT_RETAIN_SELF = YES;
				CLANG_WARN_OBJC_LITERAL_CONVERSION = YES;
				CLANG_WARN_OBJC_ROOT_CLASS = YES_ERROR;
				CLANG_WARN_RANGE_LOOP_ANALYSIS = YES;
				CLANG_WARN_STRICT_PROTOTYPES = YES;
				CLANG_WARN_SUSPICIOUS_MOVE = YES;
				CLANG_WARN_UNGUARDED_AVAILABILITY = YES_AGGRESSIVE;
				CLANG_WARN_UNREACHABLE_CODE = YES;
				CLANG_WARN__DUPLICATE_METHOD_MATCH = YES;
				CODE_SIGN_IDENTITY = "iPhone Developer";
				COPY_PHASE_STRIP = NO;
				DEBUG_INFORMATION_FORMAT = "dwarf-with-dsym";
				ENABLE_NS_ASSERTIONS = NO;
				ENABLE_STRICT_OBJC_MSGSEND = YES;
				GCC_C_LANGUAGE_STANDARD = gnu11;
				GCC_NO_COMMON_BLOCKS = YES;
				GCC_WARN_64_TO_32_BIT_CONVERSION = YES;
				GCC_WARN_ABOUT_RETURN_TYPE = YES_ERROR;
				GCC_WARN_UNDECLARED_SELECTOR = YES;
				GCC_WARN_UNINITIALIZED_AUTOS = YES_AGGRESSIVE;
				GCC_WARN_UNUSED_FUNCTION = YES;
				GCC_WARN_UNUSED_VARIABLE = YES;
				IPHONEOS_DEPLOYMENT_TARGET = 12.0;
				MTL_ENABLE_DEBUG_INFO = NO;
				MTL_FAST_MATH = YES;
				SDKROOT = iphoneos;
				VALIDATE_PRODUCT = YES;
			};
			name = Release;
		};
		F078267221AD51B20009F9C2 /* Debug */ = {
			isa = XCBuildConfiguration;
			buildSettings = {
				ASSETCATALOG_COMPILER_APPICON_NAME = AppIcon;
				CODE_SIGN_STYLE = Automatic;
				INFOPLIST_FILE = MoreResponseButtonExample/Info.plist;
				IPHONEOS_DEPLOYMENT_TARGET = 8.0;
				LD_RUNPATH_SEARCH_PATHS = (
					"$(inherited)",
					"@executable_path/Frameworks",
				);
				PRODUCT_BUNDLE_IDENTIFIER = com.acbool.MoreResponseButtonExample;
				PRODUCT_NAME = "$(TARGET_NAME)";
				TARGETED_DEVICE_FAMILY = "1,2";
			};
			name = Debug;
		};
		F078267321AD51B20009F9C2 /* Release */ = {
			isa = XCBuildConfiguration;
			buildSettings = {
				ASSETCATALOG_COMPILER_APPICON_NAME = AppIcon;
				CODE_SIGN_STYLE = Automatic;
				INFOPLIST_FILE = MoreResponseButtonExample/Info.plist;
				IPHONEOS_DEPLOYMENT_TARGET = 8.0;
				LD_RUNPATH_SEARCH_PATHS = (
					"$(inherited)",
					"@executable_path/Frameworks",
				);
				PRODUCT_BUNDLE_IDENTIFIER = com.acbool.MoreResponseButtonExample;
				PRODUCT_NAME = "$(TARGET_NAME)";
				TARGETED_DEVICE_FAMILY = "1,2";
			};
			name = Release;
		};
		F078267521AD51B20009F9C2 /* Debug */ = {
			isa = XCBuildConfiguration;
			buildSettings = {
				BUNDLE_LOADER = "$(TEST_HOST)";
				CODE_SIGN_STYLE = Automatic;
				INFOPLIST_FILE = MoreResponseButtonExampleTests/Info.plist;
				LD_RUNPATH_SEARCH_PATHS = (
					"$(inherited)",
					"@executable_path/Frameworks",
					"@loader_path/Frameworks",
				);
				PRODUCT_BUNDLE_IDENTIFIER = com.acbool.MoreResponseButtonExampleTests;
				PRODUCT_NAME = "$(TARGET_NAME)";
				TARGETED_DEVICE_FAMILY = "1,2";
				TEST_HOST = "$(BUILT_PRODUCTS_DIR)/MoreResponseButtonExample.app/MoreResponseButtonExample";
			};
			name = Debug;
		};
		F078267621AD51B20009F9C2 /* Release */ = {
			isa = XCBuildConfiguration;
			buildSettings = {
				BUNDLE_LOADER = "$(TEST_HOST)";
				CODE_SIGN_STYLE = Automatic;
				INFOPLIST_FILE = MoreResponseButtonExampleTests/Info.plist;
				LD_RUNPATH_SEARCH_PATHS = (
					"$(inherited)",
					"@executable_path/Frameworks",
					"@loader_path/Frameworks",
				);
				PRODUCT_BUNDLE_IDENTIFIER = com.acbool.MoreResponseButtonExampleTests;
				PRODUCT_NAME = "$(TARGET_NAME)";
				TARGETED_DEVICE_FAMILY = "1,2";
				TEST_HOST = "$(BUILT_PRODUCTS_DIR)/MoreResponseButtonExample.app/MoreResponseButtonExample";
			};
			name = Release;
		};
		F078267821AD51B20009F9C2 /* Debug */ = {
			isa = XCBuildConfiguration;
			buildSettings = {
				CODE_SIGN_STYLE = Automatic;
				INFOPLIST_FILE = MoreResponseButtonExampleUITests/Info.plist;
				LD_RUNPATH_SEARCH_PATHS = (
					"$(inherited)",
					"@executable_path/Frameworks",
					"@loader_path/Frameworks",
				);
				PRODUCT_BUNDLE_IDENTIFIER = com.acbool.MoreResponseButtonExampleUITests;
				PRODUCT_NAME = "$(TARGET_NAME)";
				TARGETED_DEVICE_FAMILY = "1,2";
				TEST_TARGET_NAME = MoreResponseButtonExample;
			};
			name = Debug;
		};
		F078267921AD51B20009F9C2 /* Release */ = {
			isa = XCBuildConfiguration;
			buildSettings = {
				CODE_SIGN_STYLE = Automatic;
				INFOPLIST_FILE = MoreResponseButtonExampleUITests/Info.plist;
				LD_RUNPATH_SEARCH_PATHS = (
					"$(inherited)",
					"@executable_path/Frameworks",
					"@loader_path/Frameworks",
				);
				PRODUCT_BUNDLE_IDENTIFIER = com.acbool.MoreResponseButtonExampleUITests;
				PRODUCT_NAME = "$(TARGET_NAME)";
				TARGETED_DEVICE_FAMILY = "1,2";
				TEST_TARGET_NAME = MoreResponseButtonExample;
			};
			name = Release;
		};
/* End XCBuildConfiguration section */

/* Begin XCConfigurationList section */
		F078264021AD51B10009F9C2 /* Build configuration list for PBXProject "MoreResponseButtonExample" */ = {
			isa = XCConfigurationList;
			buildConfigurations = (
				F078266F21AD51B20009F9C2 /* Debug */,
				F078267021AD51B20009F9C2 /* Release */,
			);
			defaultConfigurationIsVisible = 0;
			defaultConfigurationName = Release;
		};
		F078267121AD51B20009F9C2 /* Build configuration list for PBXNativeTarget "MoreResponseButtonExample" */ = {
			isa = XCConfigurationList;
			buildConfigurations = (
				F078267221AD51B20009F9C2 /* Debug */,
				F078267321AD51B20009F9C2 /* Release */,
			);
			defaultConfigurationIsVisible = 0;
			defaultConfigurationName = Release;
		};
		F078267421AD51B20009F9C2 /* Build configuration list for PBXNativeTarget "MoreResponseButtonExampleTests" */ = {
			isa = XCConfigurationList;
			buildConfigurations = (
				F078267521AD51B20009F9C2 /* Debug */,
				F078267621AD51B20009F9C2 /* Release */,
			);
			defaultConfigurationIsVisible = 0;
			defaultConfigurationName = Release;
		};
		F078267721AD51B20009F9C2 /* Build configuration list for PBXNativeTarget "MoreResponseButtonExampleUITests" */ = {
			isa = XCConfigurationList;
			buildConfigurations = (
				F078267821AD51B20009F9C2 /* Debug */,
				F078267921AD51B20009F9C2 /* Release */,
			);
			defaultConfigurationIsVisible = 0;
			defaultConfigurationName = Release;
		};
/* End XCConfigurationList section */
	};
	rootObject = F078263D21AD51B10009F9C2 /* Project object */;
}
